
Microsoft Visual Studio Solution File, Format Version 12.00
# Visual Studio Version 16
VisualStudioVersion = 16.0.31005.135
MinimumVisualStudioVersion = 10.0.40219.1
Project("{8BC9CEB8-8B4A-11D0-8D11-00A0C91BC942}") = "MiniViews", "MiniViews\MiniViews.vcxproj", "{9EF4A4B5-395C-4FE2-A28C-CDA9BDEDEAD2}"
	ProjectSection(ProjectDependencies) = postProject
		{BC8C4C47-AE16-4100-B4C0-A2F68325B1CD} = {BC8C4C47-AE16-4100-B4C0-A2F68325B1CD}
		{73C0A65B-D1F2-4DE1-B3A6-15DAD2C23F3D} = {73C0A65B-D1F2-4DE1-B3A6-15DAD2C23F3D}
		{7357DEBC-F4E5-4C6F-B1DA-9459609BCEED} = {7357DEBC-F4E5-4C6F-B1DA-9459609BCEED}
	EndProjectSection
EndProject
Project("{8BC9CEB8-8B4A-11D0-8D11-00A0C91BC942}") = "GoogleTestLib", "GoogleTestLib\GoogleTestLib.vcxproj", "{58027BAE-5B43-4B71-A34A-16491CD466CE}"
EndProject
Project("{8BC9CEB8-8B4A-11D0-8D11-00A0C91BC942}") = "IcuLib", "IcuLib\common.vcxproj", "{73C0A65B-D1F2-4DE1-B3A6-15DAD2C23F3D}"
EndProject
Project("{8BC9CEB8-8B4A-11D0-8D11-00A0C91BC942}") = "WindowsLib", "WindowsLib\WindowsLib.vcxproj", "{7357DEBC-F4E5-4C6F-B1DA-9459609BCEED}"
EndProject
Project("{8BC9CEB8-8B4A-11D0-8D11-00A0C91BC942}") = "WindowsTest", "WindowsTest\WindowsTest.vcxproj", "{FD9A1689-E34A-4A77-B6DD-4DECAB6AFB2C}"
	ProjectSection(ProjectDependencies) = postProject
		{73C0A65B-D1F2-4DE1-B3A6-15DAD2C23F3D} = {73C0A65B-D1F2-4DE1-B3A6-15DAD2C23F3D}
		{58027BAE-5B43-4B71-A34A-16491CD466CE} = {58027BAE-5B43-4B71-A34A-16491CD466CE}
		{7357DEBC-F4E5-4C6F-B1DA-9459609BCEED} = {7357DEBC-F4E5-4C6F-B1DA-9459609BCEED}
	EndProjectSection
EndProject
Project("{8BC9CEB8-8B4A-11D0-8D11-00A0C91BC942}") = "MiniViewsLib", "MiniViewsLib\MiniViewsLib.vcxproj", "{BC8C4C47-AE16-4100-B4C0-A2F68325B1CD}"
EndProject
Project("{8BC9CEB8-8B4A-11D0-8D11-00A0C91BC942}") = "MiniViewsTest", "MiniViewsTest\MiniViewsTest.vcxproj", "{4582C91B-6EE8-4F65-8443-B808DCDB1796}"
	ProjectSection(ProjectDependencies) = postProject
		{BC8C4C47-AE16-4100-B4C0-A2F68325B1CD} = {BC8C4C47-AE16-4100-B4C0-A2F68325B1CD}
		{73C0A65B-D1F2-4DE1-B3A6-15DAD2C23F3D} = {73C0A65B-D1F2-4DE1-B3A6-15DAD2C23F3D}
		{58027BAE-5B43-4B71-A34A-16491CD466CE} = {58027BAE-5B43-4B71-A34A-16491CD466CE}
		{7357DEBC-F4E5-4C6F-B1DA-9459609BCEED} = {7357DEBC-F4E5-4C6F-B1DA-9459609BCEED}
	EndProjectSection
EndProject
Global
	GlobalSection(SolutionConfigurationPlatforms) = preSolution
		DebugAS|x64 = DebugAS|x64
		DebugAS|x86 = DebugAS|x86
		DebugUS|x64 = DebugUS|x64
		DebugUS|x86 = DebugUS|x86
		ReleaseAS|x64 = ReleaseAS|x64
		ReleaseAS|x86 = ReleaseAS|x86
		ReleaseUS|x64 = ReleaseUS|x64
		ReleaseUS|x86 = ReleaseUS|x86
	EndGlobalSection
	GlobalSection(ProjectConfigurationPlatforms) = postSolution
		{9EF4A4B5-395C-4FE2-A28C-CDA9BDEDEAD2}.DebugAS|x64.ActiveCfg = DebugAS|x64
		{9EF4A4B5-395C-4FE2-A28C-CDA9BDEDEAD2}.DebugAS|x64.Build.0 = DebugAS|x64
		{9EF4A4B5-395C-4FE2-A28C-CDA9BDEDEAD2}.DebugAS|x86.ActiveCfg = DebugAS|Win32
		{9EF4A4B5-395C-4FE2-A28C-CDA9BDEDEAD2}.DebugAS|x86.Build.0 = DebugAS|Win32
		{9EF4A4B5-395C-4FE2-A28C-CDA9BDEDEAD2}.DebugUS|x64.ActiveCfg = DebugUS|x64
		{9EF4A4B5-395C-4FE2-A28C-CDA9BDEDEAD2}.DebugUS|x64.Build.0 = DebugUS|x64
		{9EF4A4B5-395C-4FE2-A28C-CDA9BDEDEAD2}.DebugUS|x86.ActiveCfg = DebugUS|Win32
		{9EF4A4B5-395C-4FE2-A28C-CDA9BDEDEAD2}.DebugUS|x86.Build.0 = DebugUS|Win32
		{9EF4A4B5-395C-4FE2-A28C-CDA9BDEDEAD2}.ReleaseAS|x64.ActiveCfg = ReleaseAS|x64
		{9EF4A4B5-395C-4FE2-A28C-CDA9BDEDEAD2}.ReleaseAS|x64.Build.0 = ReleaseAS|x64
		{9EF4A4B5-395C-4FE2-A28C-CDA9BDEDEAD2}.ReleaseAS|x86.ActiveCfg = ReleaseAS|Win32
		{9EF4A4B5-395C-4FE2-A28C-CDA9BDEDEAD2}.ReleaseAS|x86.Build.0 = ReleaseAS|Win32
		{9EF4A4B5-395C-4FE2-A28C-CDA9BDEDEAD2}.ReleaseUS|x64.ActiveCfg = ReleaseUS|x64
		{9EF4A4B5-395C-4FE2-A28C-CDA9BDEDEAD2}.ReleaseUS|x64.Build.0 = ReleaseUS|x64
		{9EF4A4B5-395C-4FE2-A28C-CDA9BDEDEAD2}.ReleaseUS|x86.ActiveCfg = ReleaseUS|Win32
		{9EF4A4B5-395C-4FE2-A28C-CDA9BDEDEAD2}.ReleaseUS|x86.Build.0 = ReleaseUS|Win32
		{58027BAE-5B43-4B71-A34A-16491CD466CE}.DebugAS|x64.ActiveCfg = DebugAS|x64
		{58027BAE-5B43-4B71-A34A-16491CD466CE}.DebugAS|x64.Build.0 = DebugAS|x64
		{58027BAE-5B43-4B71-A34A-16491CD466CE}.DebugAS|x86.ActiveCfg = DebugAS|Win32
		{58027BAE-5B43-4B71-A34A-16491CD466CE}.DebugAS|x86.Build.0 = DebugAS|Win32
		{58027BAE-5B43-4B71-A34A-16491CD466CE}.DebugUS|x64.ActiveCfg = DebugUS|x64
		{58027BAE-5B43-4B71-A34A-16491CD466CE}.DebugUS|x64.Build.0 = DebugUS|x64
		{58027BAE-5B43-4B71-A34A-16491CD466CE}.DebugUS|x86.ActiveCfg = DebugUS|Win32
		{58027BAE-5B43-4B71-A34A-16491CD466CE}.DebugUS|x86.Build.0 = DebugUS|Win32
		{58027BAE-5B43-4B71-A34A-16491CD466CE}.ReleaseAS|x64.ActiveCfg = ReleaseAS|x64
		{58027BAE-5B43-4B71-A34A-16491CD466CE}.ReleaseAS|x64.Build.0 = ReleaseAS|x64
		{58027BAE-5B43-4B71-A34A-16491CD466CE}.ReleaseAS|x86.ActiveCfg = ReleaseAS|Win32
		{58027BAE-5B43-4B71-A34A-16491CD466CE}.ReleaseAS|x86.Build.0 = ReleaseAS|Win32
		{58027BAE-5B43-4B71-A34A-16491CD466CE}.ReleaseUS|x64.ActiveCfg = ReleaseUS|x64
		{58027BAE-5B43-4B71-A34A-16491CD466CE}.ReleaseUS|x64.Build.0 = ReleaseUS|x64
		{58027BAE-5B43-4B71-A34A-16491CD466CE}.ReleaseUS|x86.ActiveCfg = ReleaseUS|Win32
		{58027BAE-5B43-4B71-A34A-16491CD466CE}.ReleaseUS|x86.Build.0 = ReleaseUS|Win32
		{73C0A65B-D1F2-4DE1-B3A6-15DAD2C23F3D}.DebugAS|x64.ActiveCfg = DebugAS|x64
		{73C0A65B-D1F2-4DE1-B3A6-15DAD2C23F3D}.DebugAS|x64.Build.0 = DebugAS|x64
		{73C0A65B-D1F2-4DE1-B3A6-15DAD2C23F3D}.DebugAS|x86.ActiveCfg = DebugAS|Win32
		{73C0A65B-D1F2-4DE1-B3A6-15DAD2C23F3D}.DebugAS|x86.Build.0 = DebugAS|Win32
		{73C0A65B-D1F2-4DE1-B3A6-15DAD2C23F3D}.DebugUS|x64.ActiveCfg = DebugUS|x64
		{73C0A65B-D1F2-4DE1-B3A6-15DAD2C23F3D}.DebugUS|x64.Build.0 = DebugUS|x64
		{73C0A65B-D1F2-4DE1-B3A6-15DAD2C23F3D}.DebugUS|x86.ActiveCfg = DebugUS|Win32
		{73C0A65B-D1F2-4DE1-B3A6-15DAD2C23F3D}.DebugUS|x86.Build.0 = DebugUS|Win32
		{73C0A65B-D1F2-4DE1-B3A6-15DAD2C23F3D}.ReleaseAS|x64.ActiveCfg = ReleaseAS|x64
		{73C0A65B-D1F2-4DE1-B3A6-15DAD2C23F3D}.ReleaseAS|x64.Build.0 = ReleaseAS|x64
		{73C0A65B-D1F2-4DE1-B3A6-15DAD2C23F3D}.ReleaseAS|x86.ActiveCfg = ReleaseAS|Win32
		{73C0A65B-D1F2-4DE1-B3A6-15DAD2C23F3D}.ReleaseAS|x86.Build.0 = ReleaseAS|Win32
		{73C0A65B-D1F2-4DE1-B3A6-15DAD2C23F3D}.ReleaseUS|x64.ActiveCfg = ReleaseUS|x64
		{73C0A65B-D1F2-4DE1-B3A6-15DAD2C23F3D}.ReleaseUS|x64.Build.0 = ReleaseUS|x64
		{73C0A65B-D1F2-4DE1-B3A6-15DAD2C23F3D}.ReleaseUS|x86.ActiveCfg = ReleaseUS|Win32
		{73C0A65B-D1F2-4DE1-B3A6-15DAD2C23F3D}.ReleaseUS|x86.Build.0 = ReleaseUS|Win32
		{7357DEBC-F4E5-4C6F-B1DA-9459609BCEED}.DebugAS|x64.ActiveCfg = DebugAS|x64
		{7357DEBC-F4E5-4C6F-B1DA-9459609BCEED}.DebugAS|x64.Build.0 = DebugAS|x64
		{7357DEBC-F4E5-4C6F-B1DA-9459609BCEED}.DebugAS|x86.ActiveCfg = DebugAS|Win32
		{7357DEBC-F4E5-4C6F-B1DA-9459609BCEED}.DebugAS|x86.Build.0 = DebugAS|Win32
		{7357DEBC-F4E5-4C6F-B1DA-9459609BCEED}.DebugUS|x64.ActiveCfg = DebugUS|x64
		{7357DEBC-F4E5-4C6F-B1DA-9459609BCEED}.DebugUS|x64.Build.0 = DebugUS|x64
		{7357DEBC-F4E5-4C6F-B1DA-9459609BCEED}.DebugUS|x86.ActiveCfg = DebugUS|Win32
		{7357DEBC-F4E5-4C6F-B1DA-9459609BCEED}.DebugUS|x86.Build.0 = DebugUS|Win32
		{7357DEBC-F4E5-4C6F-B1DA-9459609BCEED}.ReleaseAS|x64.ActiveCfg = ReleaseAS|x64
		{7357DEBC-F4E5-4C6F-B1DA-9459609BCEED}.ReleaseAS|x64.Build.0 = ReleaseAS|x64
		{7357DEBC-F4E5-4C6F-B1DA-9459609BCEED}.ReleaseAS|x86.ActiveCfg = ReleaseAS|Win32
		{7357DEBC-F4E5-4C6F-B1DA-9459609BCEED}.ReleaseAS|x86.Build.0 = ReleaseAS|Win32
		{7357DEBC-F4E5-4C6F-B1DA-9459609BCEED}.ReleaseUS|x64.ActiveCfg = ReleaseUS|x64
		{7357DEBC-F4E5-4C6F-B1DA-9459609BCEED}.ReleaseUS|x64.Build.0 = ReleaseUS|x64
		{7357DEBC-F4E5-4C6F-B1DA-9459609BCEED}.ReleaseUS|x86.ActiveCfg = ReleaseUS|Win32
		{7357DEBC-F4E5-4C6F-B1DA-9459609BCEED}.ReleaseUS|x86.Build.0 = ReleaseUS|Win32
		{FD9A1689-E34A-4A77-B6DD-4DECAB6AFB2C}.DebugAS|x64.ActiveCfg = DebugAS|x64
		{FD9A1689-E34A-4A77-B6DD-4DECAB6AFB2C}.DebugAS|x64.Build.0 = DebugAS|x64
		{FD9A1689-E34A-4A77-B6DD-4DECAB6AFB2C}.DebugAS|x86.ActiveCfg = DebugAS|Win32
		{FD9A1689-E34A-4A77-B6DD-4DECAB6AFB2C}.DebugAS|x86.Build.0 = DebugAS|Win32
		{FD9A1689-E34A-4A77-B6DD-4DECAB6AFB2C}.DebugUS|x64.ActiveCfg = DebugUS|x64
		{FD9A1689-E34A-4A77-B6DD-4DECAB6AFB2C}.DebugUS|x64.Build.0 = DebugUS|x64
		{FD9A1689-E34A-4A77-B6DD-4DECAB6AFB2C}.DebugUS|x86.ActiveCfg = DebugUS|Win32
		{FD9A1689-E34A-4A77-B6DD-4DECAB6AFB2C}.DebugUS|x86.Build.0 = DebugUS|Win32
		{FD9A1689-E34A-4A77-B6DD-4DECAB6AFB2C}.ReleaseAS|x64.ActiveCfg = ReleaseAS|x64
		{FD9A1689-E34A-4A77-B6DD-4DECAB6AFB2C}.ReleaseAS|x64.Build.0 = ReleaseAS|x64
		{FD9A1689-E34A-4A77-B6DD-4DECAB6AFB2C}.ReleaseAS|x86.ActiveCfg = ReleaseAS|Win32
		{FD9A1689-E34A-4A77-B6DD-4DECAB6AFB2C}.ReleaseAS|x86.Build.0 = ReleaseAS|Win32
		{FD9A1689-E34A-4A77-B6DD-4DECAB6AFB2C}.ReleaseUS|x64.ActiveCfg = ReleaseUS|x64
		{FD9A1689-E34A-4A77-B6DD-4DECAB6AFB2C}.ReleaseUS|x64.Build.0 = ReleaseUS|x64
		{FD9A1689-E34A-4A77-B6DD-4DECAB6AFB2C}.ReleaseUS|x86.ActiveCfg = ReleaseUS|Win32
		{FD9A1689-E34A-4A77-B6DD-4DECAB6AFB2C}.ReleaseUS|x86.Build.0 = ReleaseUS|Win32
		{BC8C4C47-AE16-4100-B4C0-A2F68325B1CD}.DebugAS|x64.ActiveCfg = DebugAS|x64
		{BC8C4C47-AE16-4100-B4C0-A2F68325B1CD}.DebugAS|x64.Build.0 = DebugAS|x64
		{BC8C4C47-AE16-4100-B4C0-A2F68325B1CD}.DebugAS|x86.ActiveCfg = DebugAS|Win32
		{BC8C4C47-AE16-4100-B4C0-A2F68325B1CD}.DebugAS|x86.Build.0 = DebugAS|Win32
		{BC8C4C47-AE16-4100-B4C0-A2F68325B1CD}.DebugUS|x64.ActiveCfg = DebugUS|x64
		{BC8C4C47-AE16-4100-B4C0-A2F68325B1CD}.DebugUS|x64.Build.0 = DebugUS|x64
		{BC8C4C47-AE16-4100-B4C0-A2F68325B1CD}.DebugUS|x86.ActiveCfg = DebugUS|Win32
		{BC8C4C47-AE16-4100-B4C0-A2F68325B1CD}.DebugUS|x86.Build.0 = DebugUS|Win32
		{BC8C4C47-AE16-4100-B4C0-A2F68325B1CD}.ReleaseAS|x64.ActiveCfg = ReleaseAS|x64
		{BC8C4C47-AE16-4100-B4C0-A2F68325B1CD}.ReleaseAS|x64.Build.0 = ReleaseAS|x64
		{BC8C4C47-AE16-4100-B4C0-A2F68325B1CD}.ReleaseAS|x86.ActiveCfg = ReleaseAS|Win32
		{BC8C4C47-AE16-4100-B4C0-A2F68325B1CD}.ReleaseAS|x86.Build.0 = ReleaseAS|Win32
		{BC8C4C47-AE16-4100-B4C0-A2F68325B1CD}.ReleaseUS|x64.ActiveCfg = ReleaseUS|x64
		{BC8C4C47-AE16-4100-B4C0-A2F68325B1CD}.ReleaseUS|x64.Build.0 = ReleaseUS|x64
		{BC8C4C47-AE16-4100-B4C0-A2F68325B1CD}.ReleaseUS|x86.ActiveCfg = ReleaseUS|Win32
		{BC8C4C47-AE16-4100-B4C0-A2F68325B1CD}.ReleaseUS|x86.Build.0 = ReleaseUS|Win32
		{4582C91B-6EE8-4F65-8443-B808DCDB1796}.DebugAS|x64.ActiveCfg = DebugAS|x64
		{4582C91B-6EE8-4F65-8443-B808DCDB1796}.DebugAS|x64.Build.0 = DebugAS|x64
		{4582C91B-6EE8-4F65-8443-B808DCDB1796}.DebugAS|x86.ActiveCfg = DebugAS|Win32
		{4582C91B-6EE8-4F65-8443-B808DCDB1796}.DebugAS|x86.Build.0 = DebugAS|Win32
		{4582C91B-6EE8-4F65-8443-B808DCDB1796}.DebugUS|x64.ActiveCfg = DebugUS|x64
		{4582C91B-6EE8-4F65-8443-B808DCDB1796}.DebugUS|x64.Build.0 = DebugUS|x64
		{4582C91B-6EE8-4F65-8443-B808DCDB1796}.DebugUS|x86.ActiveCfg = DebugUS|Win32
		{4582C91B-6EE8-4F65-8443-B808DCDB1796}.DebugUS|x86.Build.0 = DebugUS|Win32
		{4582C91B-6EE8-4F65-8443-B808DCDB1796}.ReleaseAS|x64.ActiveCfg = ReleaseAS|x64
		{4582C91B-6EE8-4F65-8443-B808DCDB1796}.ReleaseAS|x64.Build.0 = ReleaseAS|x64
		{4582C91B-6EE8-4F65-8443-B808DCDB1796}.ReleaseAS|x86.ActiveCfg = ReleaseAS|Win32
		{4582C91B-6EE8-4F65-8443-B808DCDB1796}.ReleaseAS|x86.Build.0 = ReleaseAS|Win32
		{4582C91B-6EE8-4F65-8443-B808DCDB1796}.ReleaseUS|x64.ActiveCfg = ReleaseUS|x64
		{4582C91B-6EE8-4F65-8443-B808DCDB1796}.ReleaseUS|x64.Build.0 = ReleaseUS|x64
		{4582C91B-6EE8-4F65-8443-B808DCDB1796}.ReleaseUS|x86.ActiveCfg = ReleaseUS|Win32
		{4582C91B-6EE8-4F65-8443-B808DCDB1796}.ReleaseUS|x86.Build.0 = ReleaseUS|Win32
	EndGlobalSection
	GlobalSection(SolutionProperties) = preSolution
		HideSolutionNode = FALSE
	EndGlobalSection
	GlobalSection(ExtensibilityGlobals) = postSolution
		SolutionGuid = {C5FB1365-0C84-4E6C-8935-AA9F0FE49A04}
	EndGlobalSection
EndGlobal
